hash: 89344c38427f0250b4d9f394742049011249d9bf8860cf5c977dc574ff21fa8f
updated: 2016-10-29T18:42:32.215267016+01:00
imports:
- name: code.cloudfoundry.org/clock
  version: e0835a7d46f9ea781e764f0dc9325110e32a97dd
  subpackages:
  - fakeclock
- name: github.com/glestaris/devoops
  version: a55a8116e39b8bb2b5ef8cd1d7f0672cc4a8a4a3
  subpackages:
  - matchers
- name: github.com/labstack/echo
  version: 276394d973b8cdf2569c18ae5dc0edbb5455f8e5
  subpackages:
  - engine
  - engine/standard
  - context
  - log
- name: github.com/labstack/gommon
  version: 2d272df536d051e737aea353b86c979d6e88bce0
  subpackages:
  - log
  - color
- name: github.com/mattn/go-colorable
  version: 6c903ff4aa50920ca86087a280590b36b3152b9c
- name: github.com/mattn/go-isatty
  version: 66b8e73f3f5cda9f96b69efd03dd3d7fc4a5cdb8
- name: github.com/onsi/ginkgo
  version: a8ccd817611666211fdf6e6a752174a0db8374a8
  subpackages:
  - extensions/table
- name: github.com/onsi/gomega
  version: d6ea11462a5e887f44c322f3c8cdda78d5a05117
  subpackages:
  - gexec
  - gbytes
  - format
- name: github.com/shirou/gopsutil
  version: a63900a44bc14bcd39693da21afe001f57d567d3
  subpackages:
  - process
- name: github.com/Sirupsen/logrus
  version: 3ec0642a7fb6488f65b06f9040adc67e3990296a
- name: github.com/valyala/fasttemplate
  version: 3b874956e03f1636d171bda64b130f9135f42cff
- name: golang.org/x/net
  version: 3fe3024eef808ba2798cc1855690f49e2b860573
  subpackages:
  - context
- name: golang.org/x/sys
  version: c200b10b5d5e122be351b67af224adc6128af5bf
  subpackages:
  - unix
- name: gopkg.in/yaml.v2
  version: a5b47d31c556af34a302ce5d659e6fea44d90de0
devImports: []
